
Microsoft Visual Studio Solution File, Format Version 12.00
# Visual Studio Version 17
VisualStudioVersion = 17.10.35027.167
MinimumVisualStudioVersion = 10.0.40219.1
Project("{9A19103F-16F7-4668-BE54-9A1E7A4F7556}") = "Ecomerce-API", "Ecomerce-API.csproj", "{98871AA9-521D-41E5-9390-EA104CB5D9D2}"
EndProject
Project("{9A19103F-16F7-4668-BE54-9A1E7A4F7556}") = "JwtConfiguration", "JwtConfiguration\JwtConfiguration.csproj", "{CC3298DB-929F-4241-8DB4-CBB75822FCFE}"
EndProject
Global
	GlobalSection(SolutionConfigurationPlatforms) = preSolution
		Debug|Any CPU = Debug|Any CPU
		Release|Any CPU = Release|Any CPU
	EndGlobalSection
	GlobalSection(ProjectConfigurationPlatforms) = postSolution
		{98871AA9-521D-41E5-9390-EA104CB5D9D2}.Debug|Any CPU.ActiveCfg = Debug|Any CPU
		{98871AA9-521D-41E5-9390-EA104CB5D9D2}.Debug|Any CPU.Build.0 = Debug|Any CPU
		{98871AA9-521D-41E5-9390-EA104CB5D9D2}.Release|Any CPU.ActiveCfg = Release|Any CPU
		{98871AA9-521D-41E5-9390-EA104CB5D9D2}.Release|Any CPU.Build.0 = Release|Any CPU
		{CC3298DB-929F-4241-8DB4-CBB75822FCFE}.Debug|Any CPU.ActiveCfg = Debug|Any CPU
		{CC3298DB-929F-4241-8DB4-CBB75822FCFE}.Debug|Any CPU.Build.0 = Debug|Any CPU
		{CC3298DB-929F-4241-8DB4-CBB75822FCFE}.Release|Any CPU.ActiveCfg = Release|Any CPU
		{CC3298DB-929F-4241-8DB4-CBB75822FCFE}.Release|Any CPU.Build.0 = Release|Any CPU
	EndGlobalSection
	GlobalSection(SolutionProperties) = preSolution
		HideSolutionNode = FALSE
	EndGlobalSection
	GlobalSection(ExtensibilityGlobals) = postSolution
		SolutionGuid = {2E1FF7A3-3ABA-45B7-BCD3-39A96A2A2E47}
	EndGlobalSection
EndGlobal
